<?xml version="1.0" encoding="utf-8"?>
<Project ToolsVersion="4.0" xmlns="http://schemas.microsoft.com/developer/msbuild/2003">
  <ItemGroup>
    <ClCompile Include="..\..\source\AI.cpp" />
    <ClCompile Include="..\..\source\CCMApp.cpp" />
    <ClCompile Include="..\..\source\CCMGameScene.cpp" />
    <ClCompile Include="..\..\source\CCMInput.cpp" />
    <ClCompile Include="..\..\source\CCMLoadingScene.cpp" />
    <ClCompile Include="..\..\source\Chicken.cpp" />
    <ClCompile Include="..\..\source\Coop.cpp" />
    <ClCompile Include="..\..\source\main.cpp" />
    <ClCompile Include="..\..\source\Moose.cpp" />
    <ClCompile Include="..\..\source\SaveController.cpp" />
    <ClCompile Include="..\..\source\SceneBuilder1.cpp" />
    <ClCompile Include="..\..\source\Stack.cpp" />
  </ItemGroup>
  <ItemGroup>
    <ClInclude Include="..\..\source\AI.h" />
    <ClInclude Include="..\..\source\CCMApp.h" />
    <ClInclude Include="..\..\source\CCMGameScene.h" />
    <ClInclude Include="..\..\source\CCMInput.h" />
    <ClInclude Include="..\..\source\CCMLoadingScene.h" />
    <ClInclude Include="..\..\source\Chicken.h" />
    <ClInclude Include="..\..\source\Coop.h" />
    <ClInclude Include="..\..\source\Decks.h" />
    <ClInclude Include="..\..\source\HelloApp.h" />
    <ClInclude Include="..\..\source\Moose.h" />
    <ClInclude Include="..\..\source\MooseFile.h" />
    <ClInclude Include="..\..\source\SaveController.h" />
    <ClInclude Include="..\..\source\SceneBuilder1.h" />
    <ClInclude Include="..\..\source\Stack.h" />
    <ClInclude Include="resource.h" />
    <ClInclude Include="Stack.h" />
  </ItemGroup>
  <ItemGroup>
    <ResourceCompile Include="PolyDemo.rc" />
  </ItemGroup>
  <ItemGroup>
    <Image Include="icon1.ico" />
  </ItemGroup>
</Project>